// !$*UTF8*$!
{
	archiveVersion = 1;
	classes = {
	};
	objectVersion = 56;
	objects = {

/* Begin PBXBuildFile section */
		803CC8CC295986D600FFB85B /* Models.scnassets in Resources */ = {isa = PBXBuildFile; fileRef = 803CC8CB295986D600FFB85B /* Models.scnassets */; };
		803CC8CE295986EB00FFB85B /* Assets.xcassets in Resources */ = {isa = PBXBuildFile; fileRef = 803CC8CD295986EB00FFB85B /* Assets.xcassets */; };
		803CC8D1295A7FB300FFB85B /* CustomCellCollectionViewCell.swift in Sources */ = {isa = PBXBuildFile; fileRef = 803CC8CF295A7FB300FFB85B /* CustomCellCollectionViewCell.swift */; };
		803CC8D2295A7FB300FFB85B /* CustomCellCollectionViewCell.xib in Resources */ = {isa = PBXBuildFile; fileRef = 803CC8D0295A7FB300FFB85B /* CustomCellCollectionViewCell.xib */; };
		8051C1C72949D68900E090CE /* roomfreglanceViewController.swift in Sources */ = {isa = PBXBuildFile; fileRef = 8051C1C52949D68900E090CE /* roomfreglanceViewController.swift */; };
		8051C1C82949D68900E090CE /* roomfreglanceViewController.xib in Resources */ = {isa = PBXBuildFile; fileRef = 8051C1C62949D68900E090CE /* roomfreglanceViewController.xib */; };
		808586BF29744191001E2DFA /* favoriteViewController.swift in Sources */ = {isa = PBXBuildFile; fileRef = 808586BE29744191001E2DFA /* favoriteViewController.swift */; };
		80A7B62D29376DFE004D833C /* Main.storyboard in Resources */ = {isa = PBXBuildFile; fileRef = 80A7B62C29376DFE004D833C /* Main.storyboard */; };
		80A7B62F29376F59004D833C /* ViewController.swift in Sources */ = {isa = PBXBuildFile; fileRef = 80A7B62E29376F59004D833C /* ViewController.swift */; };
		80E29F54293768D3001B7DA6 /* AppDelegate.swift in Sources */ = {isa = PBXBuildFile; fileRef = 80E29F53293768D3001B7DA6 /* AppDelegate.swift */; };
		80E29F56293768D3001B7DA6 /* SceneDelegate.swift in Sources */ = {isa = PBXBuildFile; fileRef = 80E29F55293768D3001B7DA6 /* SceneDelegate.swift */; };
		80E29F60293768D5001B7DA6 /* LaunchScreen.storyboard in Resources */ = {isa = PBXBuildFile; fileRef = 80E29F5E293768D5001B7DA6 /* LaunchScreen.storyboard */; };
		80EE7295298A723A00DDAB2C /* detailViewController.swift in Sources */ = {isa = PBXBuildFile; fileRef = 80EE7294298A723A00DDAB2C /* detailViewController.swift */; };
/* End PBXBuildFile section */

/* Begin PBXFileReference section */
		803CC8CB295986D600FFB85B /* Models.scnassets */ = {isa = PBXFileReference; lastKnownFileType = wrapper.scnassets; path = Models.scnassets; sourceTree = "<group>"; };
		803CC8CD295986EB00FFB85B /* Assets.xcassets */ = {isa = PBXFileReference; lastKnownFileType = folder.assetcatalog; path = Assets.xcassets; sourceTree = "<group>"; };
		803CC8CF295A7FB300FFB85B /* CustomCellCollectionViewCell.swift */ = {isa = PBXFileReference; lastKnownFileType = sourcecode.swift; path = CustomCellCollectionViewCell.swift; sourceTree = "<group>"; };
		803CC8D0295A7FB300FFB85B /* CustomCellCollectionViewCell.xib */ = {isa = PBXFileReference; lastKnownFileType = file.xib; path = CustomCellCollectionViewCell.xib; sourceTree = "<group>"; };
		8051C1C52949D68900E090CE /* roomfreglanceViewController.swift */ = {isa = PBXFileReference; lastKnownFileType = sourcecode.swift; path = roomfreglanceViewController.swift; sourceTree = "<group>"; };
		8051C1C62949D68900E090CE /* roomfreglanceViewController.xib */ = {isa = PBXFileReference; lastKnownFileType = file.xib; path = roomfreglanceViewController.xib; sourceTree = "<group>"; };
		808586BE29744191001E2DFA /* favoriteViewController.swift */ = {isa = PBXFileReference; lastKnownFileType = sourcecode.swift; path = favoriteViewController.swift; sourceTree = "<group>"; };
		80A7B62C29376DFE004D833C /* Main.storyboard */ = {isa = PBXFileReference; fileEncoding = 4; lastKnownFileType = file.storyboard; path = Main.storyboard; sourceTree = "<group>"; };
		80A7B62E29376F59004D833C /* ViewController.swift */ = {isa = PBXFileReference; fileEncoding = 4; lastKnownFileType = sourcecode.swift; path = ViewController.swift; sourceTree = "<group>"; };
		80E29F50293768D3001B7DA6 /* ARF.app */ = {isa = PBXFileReference; explicitFileType = wrapper.application; includeInIndex = 0; path = ARF.app; sourceTree = BUILT_PRODUCTS_DIR; };
		80E29F53293768D3001B7DA6 /* AppDelegate.swift */ = {isa = PBXFileReference; lastKnownFileType = sourcecode.swift; path = AppDelegate.swift; sourceTree = "<group>"; };
		80E29F55293768D3001B7DA6 /* SceneDelegate.swift */ = {isa = PBXFileReference; lastKnownFileType = sourcecode.swift; path = SceneDelegate.swift; sourceTree = "<group>"; };
		80E29F5F293768D5001B7DA6 /* Base */ = {isa = PBXFileReference; lastKnownFileType = file.storyboard; name = Base; path = Base.lproj/LaunchScreen.storyboard; sourceTree = "<group>"; };
		80E29F61293768D5001B7DA6 /* Info.plist */ = {isa = PBXFileReference; lastKnownFileType = text.plist.xml; path = Info.plist; sourceTree = "<group>"; };
		80EE7294298A723A00DDAB2C /* detailViewController.swift */ = {isa = PBXFileReference; lastKnownFileType = sourcecode.swift; path = detailViewController.swift; sourceTree = "<group>"; };
/* End PBXFileReference section */

/* Begin PBXFrameworksBuildPhase section */
		80E29F4D293768D3001B7DA6 /* Frameworks */ = {
			isa = PBXFrameworksBuildPhase;
			buildActionMask = 2147483647;
			files = (
			);
			runOnlyForDeploymentPostprocessing = 0;
		};
/* End PBXFrameworksBuildPhase section */

/* Begin PBXGroup section */
		80E29F47293768D3001B7DA6 = {
			isa = PBXGroup;
			children = (
				80E29F52293768D3001B7DA6 /* ARF */,
				80E29F51293768D3001B7DA6 /* Products */,
			);
			sourceTree = "<group>";
			usesTabs = 0;
		};
		80E29F51293768D3001B7DA6 /* Products */ = {
			isa = PBXGroup;
			children = (
				80E29F50293768D3001B7DA6 /* ARF.app */,
			);
			name = Products;
			sourceTree = "<group>";
		};
		80E29F52293768D3001B7DA6 /* ARF */ = {
			isa = PBXGroup;
			children = (
				803CC8CB295986D600FFB85B /* Models.scnassets */,
				80E29F53293768D3001B7DA6 /* AppDelegate.swift */,
				80E29F55293768D3001B7DA6 /* SceneDelegate.swift */,
				80A7B62E29376F59004D833C /* ViewController.swift */,
				8051C1C52949D68900E090CE /* roomfreglanceViewController.swift */,
				808586BE29744191001E2DFA /* favoriteViewController.swift */,
				80EE7294298A723A00DDAB2C /* detailViewController.swift */,
				803CC8CF295A7FB300FFB85B /* CustomCellCollectionViewCell.swift */,
				80A7B62C29376DFE004D833C /* Main.storyboard */,
				8051C1C62949D68900E090CE /* roomfreglanceViewController.xib */,
				803CC8D0295A7FB300FFB85B /* CustomCellCollectionViewCell.xib */,
				80E29F5E293768D5001B7DA6 /* LaunchScreen.storyboard */,
				80E29F61293768D5001B7DA6 /* Info.plist */,
				803CC8CD295986EB00FFB85B /* Assets.xcassets */,
			);
			path = ARF;
			sourceTree = "<group>";
		};
/* End PBXGroup section */

/* Begin PBXNativeTarget section */
		80E29F4F293768D3001B7DA6 /* ARF */ = {
			isa = PBXNativeTarget;
			buildConfigurationList = 80E29F64293768D5001B7DA6 /* Build configuration list for PBXNativeTarget "ARF" */;
			buildPhases = (
				80E29F4C293768D3001B7DA6 /* Sources */,
				80E29F4D293768D3001B7DA6 /* Frameworks */,
				80E29F4E293768D3001B7DA6 /* Resources */,
			);
			buildRules = (
			);
			dependencies = (
			);
			name = ARF;
			productName = ARF;
			productReference = 80E29F50293768D3001B7DA6 /* ARF.app */;
			productType = "com.apple.product-type.application";
		};
/* End PBXNativeTarget section */

/* Begin PBXProject section */
		80E29F48293768D3001B7DA6 /* Project object */ = {
			isa = PBXProject;
			attributes = {
				BuildIndependentTargetsInParallel = 1;
				LastSwiftUpdateCheck = 1410;
				LastUpgradeCheck = 1410;
				TargetAttributes = {
					80E29F4F293768D3001B7DA6 = {
						CreatedOnToolsVersion = 14.1;
					};
				};
			};
			buildConfigurationList = 80E29F4B293768D3001B7DA6 /* Build configuration list for PBXProject "ARF" */;
			compatibilityVersion = "Xcode 14.0";
			developmentRegion = en;
			hasScannedForEncodings = 0;
			knownRegions = (
				en,
				Base,
			);
			mainGroup = 80E29F47293768D3001B7DA6;
			productRefGroup = 80E29F51293768D3001B7DA6 /* Products */;
			projectDirPath = "";
			projectRoot = "";
			targets = (
				80E29F4F293768D3001B7DA6 /* ARF */,
			);
		};
/* End PBXProject section */

/* Begin PBXResourcesBuildPhase section */
		80E29F4E293768D3001B7DA6 /* Resources */ = {
			isa = PBXResourcesBuildPhase;
			buildActionMask = 2147483647;
			files = (
				80E29F60293768D5001B7DA6 /* LaunchScreen.storyboard in Resources */,
				803CC8CC295986D600FFB85B /* Models.scnassets in Resources */,
				803CC8D2295A7FB300FFB85B /* CustomCellCollectionViewCell.xib in Resources */,
				8051C1C82949D68900E090CE /* roomfreglanceViewController.xib in Resources */,
				803CC8CE295986EB00FFB85B /* Assets.xcassets in Resources */,
				80A7B62D29376DFE004D833C /* Main.storyboard in Resources */,
			);
			runOnlyForDeploymentPostprocessing = 0;
		};
/* End PBXResourcesBuildPhase section */

/* Begin PBXSourcesBuildPhase section */
		80E29F4C293768D3001B7DA6 /* Sources */ = {
			isa = PBXSourcesBuildPhase;
			buildActionMask = 2147483647;
			files = (
				80E29F54293768D3001B7DA6 /* AppDelegate.swift in Sources */,
				8051C1C72949D68900E090CE /* roomfreglanceViewController.swift in Sources */,
				808586BF29744191001E2DFA /* favoriteViewController.swift in Sources */,
				80E29F56293768D3001B7DA6 /* SceneDelegate.swift in Sources */,
				80A7B62F29376F59004D833C /* ViewController.swift in Sources */,
				80EE7295298A723A00DDAB2C /* detailViewController.swift in Sources */,
				803CC8D1295A7FB300FFB85B /* CustomCellCollectionViewCell.swift in Sources */,
			);
			runOnlyForDeploymentPostprocessing = 0;
		};
/* End PBXSourcesBuildPhase section */

/* Begin PBXVariantGroup section */
		80E29F5E293768D5001B7DA6 /* LaunchScreen.storyboard */ = {
			isa = PBXVariantGroup;
			children = (
				80E29F5F293768D5001B7DA6 /* Base */,
			);
			name = LaunchScreen.storyboard;
			sourceTree = "<group>";
		};
/* End PBXVariantGroup section */

/* Begin XCBuildConfiguration section */
		80E29F62293768D5001B7DA6 /* Debug */ = {
			isa = XCBuildConfiguration;
			buildSettings = {
				ALWAYS_SEARCH_USER_PATHS = NO;
				CLANG_ANALYZER_NONNULL = YES;
				CLANG_ANALYZER_NUMBER_OBJECT_CONVERSION = YES_AGGRESSIVE;
				CLANG_CXX_LANGUAGE_STANDARD = "gnu++20";
				CLANG_ENABLE_MODULES = YES;
				CLANG_ENABLE_OBJC_ARC = YES;
				CLANG_ENABLE_OBJC_WEAK = YES;
				CLANG_WARN_BLOCK_CAPTURE_AUTORELEASING = YES;
				CLANG_WARN_BOOL_CONVERSION = YES;
				CLANG_WARN_COMMA = YES;
				CLANG_WARN_CONSTANT_CONVERSION = YES;
				CLANG_WARN_DEPRECATED_OBJC_IMPLEMENTATIONS = YES;
				CLANG_WARN_DIRECT_OBJC_ISA_USAGE = YES_ERROR;
				CLANG_WARN_DOCUMENTATION_COMMENTS = YES;
				CLANG_WARN_EMPTY_BODY = YES;
				CLANG_WARN_ENUM_CONVERSION = YES;
				CLANG_WARN_INFINITE_RECURSION = YES;
				CLANG_WARN_INT_CONVERSION = YES;
				CLANG_WARN_NON_LITERAL_NULL_CONVERSION = YES;
				CLANG_WARN_OBJC_IMPLICIT_RETAIN_SELF = YES;
				CLANG_WARN_OBJC_LITERAL_CONVERSION = YES;
				CLANG_WARN_OBJC_ROOT_CLASS = YES_ERROR;
				CLANG_WARN_QUOTED_INCLUDE_IN_FRAMEWORK_HEADER = YES;
				CLANG_WARN_RANGE_LOOP_ANALYSIS = YES;
				CLANG_WARN_STRICT_PROTOTYPES = YES;
				CLANG_WARN_SUSPICIOUS_MOVE = YES;
				CLANG_WARN_UNGUARDED_AVAILABILITY = YES_AGGRESSIVE;
				CLANG_WARN_UNREACHABLE_CODE = YES;
				CLANG_WARN__DUPLICATE_METHOD_MATCH = YES;
				COPY_PHASE_STRIP = NO;
				DEBUG_INFORMATION_FORMAT = dwarf;
				ENABLE_STRICT_OBJC_MSGSEND = YES;
				ENABLE_TESTABILITY = YES;
				GCC_C_LANGUAGE_STANDARD = gnu11;
				GCC_DYNAMIC_NO_PIC = NO;
				GCC_NO_COMMON_BLOCKS = YES;
				GCC_OPTIMIZATION_LEVEL = 0;
				GCC_PREPROCESSOR_DEFINITIONS = (
					"DEBUG=1",
					"$(inherited)",
				);
				GCC_WARN_64_TO_32_BIT_CONVERSION = YES;
				GCC_WARN_ABOUT_RETURN_TYPE = YES_ERROR;
				GCC_WARN_UNDECLARED_SELECTOR = YES;
				GCC_WARN_UNINITIALIZED_AUTOS = YES_AGGRESSIVE;
				GCC_WARN_UNUSED_FUNCTION = YES;
				GCC_WARN_UNUSED_VARIABLE = YES;
				IPHONEOS_DEPLOYMENT_TARGET = 16.1;
				MTL_ENABLE_DEBUG_INFO = INCLUDE_SOURCE;
				MTL_FAST_MATH = YES;
				ONLY_ACTIVE_ARCH = YES;
				SDKROOT = iphoneos;
				SWIFT_ACTIVE_COMPILATION_CONDITIONS = DEBUG;
				SWIFT_OPTIMIZATION_LEVEL = "-Onone";
			};
			name = Debug;
		};
		80E29F63293768D5001B7DA6 /* Release */ = {
			isa = XCBuildConfiguration;
			buildSettings = {
				ALWAYS_SEARCH_USER_PATHS = NO;
				CLANG_ANALYZER_NONNULL = YES;
				CLANG_ANALYZER_NUMBER_OBJECT_CONVERSION = YES_AGGRESSIVE;
				CLANG_CXX_LANGUAGE_STANDARD = "gnu++20";
				CLANG_ENABLE_MODULES = YES;
				CLANG_ENABLE_OBJC_ARC = YES;
				CLANG_ENABLE_OBJC_WEAK = YES;
				CLANG_WARN_BLOCK_CAPTURE_AUTORELEASING = YES;
				CLANG_WARN_BOOL_CONVERSION = YES;
				CLANG_WARN_COMMA = YES;
				CLANG_WARN_CONSTANT_CONVERSION = YES;
				CLANG_WARN_DEPRECATED_OBJC_IMPLEMENTATIONS = YES;
				CLANG_WARN_DIRECT_OBJC_ISA_USAGE = YES_ERROR;
				CLANG_WARN_DOCUMENTATION_COMMENTS = YES;
				CLANG_WARN_EMPTY_BODY = YES;
				CLANG_WARN_ENUM_CONVERSION = YES;
				CLANG_WARN_INFINITE_RECURSION = YES;
				CLANG_WARN_INT_CONVERSION = YES;
				CLANG_WARN_NON_LITERAL_NULL_CONVERSION = YES;
				CLANG_WARN_OBJC_IMPLICIT_RETAIN_SELF = YES;
				CLANG_WARN_OBJC_LITERAL_CONVERSION = YES;
				CLANG_WARN_OBJC_ROOT_CLASS = YES_ERROR;
				CLANG_WARN_QUOTED_INCLUDE_IN_FRAMEWORK_HEADER = YES;
				CLANG_WARN_RANGE_LOOP_ANALYSIS = YES;
				CLANG_WARN_STRICT_PROTOTYPES = YES;
				CLANG_WARN_SUSPICIOUS_MOVE = YES;
				CLANG_WARN_UNGUARDED_AVAILABILITY = YES_AGGRESSIVE;
				CLANG_WARN_UNREACHABLE_CODE = YES;
				CLANG_WARN__DUPLICATE_METHOD_MATCH = YES;
				COPY_PHASE_STRIP = NO;
				DEBUG_INFORMATION_FORMAT = "dwarf-with-dsym";
				ENABLE_NS_ASSERTIONS = NO;
				ENABLE_STRICT_OBJC_MSGSEND = YES;
				GCC_C_LANGUAGE_STANDARD = gnu11;
				GCC_NO_COMMON_BLOCKS = YES;
				GCC_WARN_64_TO_32_BIT_CONVERSION = YES;
				GCC_WARN_ABOUT_RETURN_TYPE = YES_ERROR;
				GCC_WARN_UNDECLARED_SELECTOR = YES;
				GCC_WARN_UNINITIALIZED_AUTOS = YES_AGGRESSIVE;
				GCC_WARN_UNUSED_FUNCTION = YES;
				GCC_WARN_UNUSED_VARIABLE = YES;
				IPHONEOS_DEPLOYMENT_TARGET = 16.1;
				MTL_ENABLE_DEBUG_INFO = NO;
				MTL_FAST_MATH = YES;
				SDKROOT = iphoneos;
				SWIFT_COMPILATION_MODE = wholemodule;
				SWIFT_OPTIMIZATION_LEVEL = "-O";
				VALIDATE_PRODUCT = YES;
			};
			name = Release;
		};
		80E29F65293768D5001B7DA6 /* Debug */ = {
			isa = XCBuildConfiguration;
			buildSettings = {
				ASSETCATALOG_COMPILER_APPICON_NAME = AppIcon;
				ASSETCATALOG_COMPILER_GLOBAL_ACCENT_COLOR_NAME = AccentColor;
				CODE_SIGN_STYLE = Automatic;
				CURRENT_PROJECT_VERSION = 1;
				DEVELOPMENT_TEAM = 57KGRFU4Y3;
				GENERATE_INFOPLIST_FILE = YES;
				INFOPLIST_FILE = ARF/Info.plist;
				INFOPLIST_KEY_NSCameraUsageDescription = "ARを使用するため、許可を押してください。";
				INFOPLIST_KEY_UIApplicationSupportsIndirectInputEvents = YES;
				INFOPLIST_KEY_UILaunchStoryboardName = LaunchScreen;
				INFOPLIST_KEY_UIMainStoryboardFile = Main;
				INFOPLIST_KEY_UISupportedInterfaceOrientations_iPad = "UIInterfaceOrientationPortrait UIInterfaceOrientationPortraitUpsideDown UIInterfaceOrientationLandscapeLeft UIInterfaceOrientationLandscapeRight";
				INFOPLIST_KEY_UISupportedInterfaceOrientations_iPhone = "UIInterfaceOrientationPortrait UIInterfaceOrientationLandscapeLeft UIInterfaceOrientationLandscapeRight";
				LD_RUNPATH_SEARCH_PATHS = (
					"$(inherited)",
					"@executable_path/Frameworks",
				);
				MARKETING_VERSION = 1.0;
				PRODUCT_BUNDLE_IDENTIFIER = app.namekawa.yurie.ARF;
				PRODUCT_NAME = "$(TARGET_NAME)";
				SUPPORTED_PLATFORMS = "iphoneos iphonesimulator";
				SUPPORTS_MACCATALYST = NO;
				SUPPORTS_MAC_DESIGNED_FOR_IPHONE_IPAD = NO;
				SWIFT_EMIT_LOC_STRINGS = YES;
				SWIFT_VERSION = 5.0;
				TARGETED_DEVICE_FAMILY = 1;
			};
			name = Debug;
		};
		80E29F66293768D5001B7DA6 /* Release */ = {
			isa = XCBuildConfiguration;
			buildSettings = {
				ASSETCATALOG_COMPILER_APPICON_NAME = AppIcon;
				ASSETCATALOG_COMPILER_GLOBAL_ACCENT_COLOR_NAME = AccentColor;
				CODE_SIGN_STYLE = Automatic;
				CURRENT_PROJECT_VERSION = 1;
				DEVELOPMENT_TEAM = 57KGRFU4Y3;
				GENERATE_INFOPLIST_FILE = YES;
				INFOPLIST_FILE = ARF/Info.plist;
				INFOPLIST_KEY_NSCameraUsageDescription = "ARを使用するため、許可を押してください。";
				INFOPLIST_KEY_UIApplicationSupportsIndirectInputEvents = YES;
				INFOPLIST_KEY_UILaunchStoryboardName = LaunchScreen;
				INFOPLIST_KEY_UIMainStoryboardFile = Main;
				INFOPLIST_KEY_UISupportedInterfaceOrientations_iPad = "UIInterfaceOrientationPortrait UIInterfaceOrientationPortraitUpsideDown UIInterfaceOrientationLandscapeLeft UIInterfaceOrientationLandscapeRight";
				INFOPLIST_KEY_UISupportedInterfaceOrientations_iPhone = "UIInterfaceOrientationPortrait UIInterfaceOrientationLandscapeLeft UIInterfaceOrientationLandscapeRight";
				LD_RUNPATH_SEARCH_PATHS = (
					"$(inherited)",
					"@executable_path/Frameworks",
				);
				MARKETING_VERSION = 1.0;
				PRODUCT_BUNDLE_IDENTIFIER = app.namekawa.yurie.ARF;
				PRODUCT_NAME = "$(TARGET_NAME)";
				SUPPORTED_PLATFORMS = "iphoneos iphonesimulator";
				SUPPORTS_MACCATALYST = NO;
				SUPPORTS_MAC_DESIGNED_FOR_IPHONE_IPAD = NO;
				SWIFT_EMIT_LOC_STRINGS = YES;
				SWIFT_VERSION = 5.0;
				TARGETED_DEVICE_FAMILY = 1;
			};
			name = Release;
		};
/* End XCBuildConfiguration section */

/* Begin XCConfigurationList section */
		80E29F4B293768D3001B7DA6 /* Build configuration list for PBXProject "ARF" */ = {
			isa = XCConfigurationList;
			buildConfigurations = (
				80E29F62293768D5001B7DA6 /* Debug */,
				80E29F63293768D5001B7DA6 /* Release */,
			);
			defaultConfigurationIsVisible = 0;
			defaultConfigurationName = Release;
		};
		80E29F64293768D5001B7DA6 /* Build configuration list for PBXNativeTarget "ARF" */ = {
			isa = XCConfigurationList;
			buildConfigurations = (
				80E29F65293768D5001B7DA6 /* Debug */,
				80E29F66293768D5001B7DA6 /* Release */,
			);
			defaultConfigurationIsVisible = 0;
			defaultConfigurationName = Release;
		};
/* End XCConfigurationList section */
	};
	rootObject = 80E29F48293768D3001B7DA6 /* Project object */;
}
